
Microsoft Visual Studio Solution File, Format Version 12.00
# Visual Studio Version 17
VisualStudioVersion = 17.5.002.0
MinimumVisualStudioVersion = 10.0.40219.1
Project("{9A19103F-16F7-4668-BE54-9A1E7A4F7556}") = "LibrosAPI", "LibrosAPI.csproj", "{D6BE57C7-1852-4C8E-8088-0E2743DCA858}"
EndProject
Global
	GlobalSection(SolutionConfigurationPlatforms) = preSolution
		Debug|Any CPU = Debug|Any CPU
		Release|Any CPU = Release|Any CPU
	EndGlobalSection
	GlobalSection(ProjectConfigurationPlatforms) = postSolution
		{D6BE57C7-1852-4C8E-8088-0E2743DCA858}.Debug|Any CPU.ActiveCfg = Debug|Any CPU
		{D6BE57C7-1852-4C8E-8088-0E2743DCA858}.Debug|Any CPU.Build.0 = Debug|Any CPU
		{D6BE57C7-1852-4C8E-8088-0E2743DCA858}.Release|Any CPU.ActiveCfg = Release|Any CPU
		{D6BE57C7-1852-4C8E-8088-0E2743DCA858}.Release|Any CPU.Build.0 = Release|Any CPU
	EndGlobalSection
	GlobalSection(SolutionProperties) = preSolution
		HideSolutionNode = FALSE
	EndGlobalSection
	GlobalSection(ExtensibilityGlobals) = postSolution
		SolutionGuid = {195AA26E-CA4D-4349-B607-98D44228BC6D}
	EndGlobalSection
EndGlobal
